
Microsoft Visual Studio Solution File, Format Version 12.00
# Visual Studio Version 17
VisualStudioVersion = 17.4.33403.182
MinimumVisualStudioVersion = 10.0.40219.1
Project("{FAE04EC0-301F-11D3-BF4B-00C04F79EFBC}") = "Evaluacion Parcia II Progamación I", "Evaluacion Parcia II Progamación I\Evaluacion Parcia II Progamación I.csproj", "{FD6BCF6B-5D8C-489E-8D37-BB138AF02190}"
EndProject
Global
	GlobalSection(SolutionConfigurationPlatforms) = preSolution
		Debug|Any CPU = Debug|Any CPU
		Release|Any CPU = Release|Any CPU
	EndGlobalSection
	GlobalSection(ProjectConfigurationPlatforms) = postSolution
		{FD6BCF6B-5D8C-489E-8D37-BB138AF02190}.Debug|Any CPU.ActiveCfg = Debug|Any CPU
		{FD6BCF6B-5D8C-489E-8D37-BB138AF02190}.Debug|Any CPU.Build.0 = Debug|Any CPU
		{FD6BCF6B-5D8C-489E-8D37-BB138AF02190}.Release|Any CPU.ActiveCfg = Release|Any CPU
		{FD6BCF6B-5D8C-489E-8D37-BB138AF02190}.Release|Any CPU.Build.0 = Release|Any CPU
	EndGlobalSection
	GlobalSection(SolutionProperties) = preSolution
		HideSolutionNode = FALSE
	EndGlobalSection
	GlobalSection(ExtensibilityGlobals) = postSolution
		SolutionGuid = {4BBE3E71-F22A-4E7B-9CB2-6B2BAEC226F7}
	EndGlobalSection
EndGlobal
